
Microsoft Visual Studio Solution File, Format Version 12.00
# Visual Studio 15
Project("{FAE04EC0-301F-11D3-BF4B-00C04F79EFBC}") = "Assembly-CSharp", "Assembly-CSharp.csproj", "{8FF510AF-64DA-1DD4-C1F6-94234716D9C9}"
EndProject
Project("{FAE04EC0-301F-11D3-BF4B-00C04F79EFBC}") = "UniGLTF", "UniGLTF.csproj", "{578B63BE-AA4D-321C-61D6-7A0FB4C149B2}"
EndProject
Project("{FAE04EC0-301F-11D3-BF4B-00C04F79EFBC}") = "Assembly-CSharp-firstpass", "Assembly-CSharp-firstpass.csproj", "{09BCA30F-49D4-9578-E979-8CAD764A8809}"
EndProject
Project("{FAE04EC0-301F-11D3-BF4B-00C04F79EFBC}") = "VRM", "VRM.csproj", "{43C6C306-2FE8-3769-9B80-C4E29A0ECFEA}"
EndProject
Project("{FAE04EC0-301F-11D3-BF4B-00C04F79EFBC}") = "VRMShaders.GLTF.IO.Runtime", "VRMShaders.GLTF.IO.Runtime.csproj", "{C8543FDE-01F1-9CA6-F5A7-5631936D9F21}"
EndProject
Project("{FAE04EC0-301F-11D3-BF4B-00C04F79EFBC}") = "VRMShaders.VRM10.MToon10.Runtime", "VRMShaders.VRM10.MToon10.Runtime.csproj", "{CC5EBA35-6B0F-63FB-3872-E5FE214249E0}"
EndProject
Project("{FAE04EC0-301F-11D3-BF4B-00C04F79EFBC}") = "UniHumanoid", "UniHumanoid.csproj", "{7A5025F0-8FE9-982C-DF6E-FA8E06306FB3}"
EndProject
Project("{FAE04EC0-301F-11D3-BF4B-00C04F79EFBC}") = "FastSpringBone", "FastSpringBone.csproj", "{AEBF22BB-1C6B-A0C1-7C68-E3B43A068713}"
EndProject
Project("{FAE04EC0-301F-11D3-BF4B-00C04F79EFBC}") = "VRMShaders.GLTF.UniUnlit.Runtime", "VRMShaders.GLTF.UniUnlit.Runtime.csproj", "{EDDF407C-3246-9CC6-64DF-62ADCFB138A5}"
EndProject
Project("{FAE04EC0-301F-11D3-BF4B-00C04F79EFBC}") = "VRMShaders.VRM.IO.Runtime", "VRMShaders.VRM.IO.Runtime.csproj", "{F8CE955B-1E0D-C031-C4A8-EC0B6BD9449A}"
EndProject
Project("{FAE04EC0-301F-11D3-BF4B-00C04F79EFBC}") = "MToon", "MToon.csproj", "{7C46571B-6AC5-6FF9-D046-9347EFDA0443}"
EndProject
Project("{FAE04EC0-301F-11D3-BF4B-00C04F79EFBC}") = "VRMShaders.VRM10.Format.Runtime", "VRMShaders.VRM10.Format.Runtime.csproj", "{2C56E5B3-6955-8A2E-9540-7C8DA16E3D29}"
EndProject
Project("{FAE04EC0-301F-11D3-BF4B-00C04F79EFBC}") = "UniGLTF.Samples.ScreenSpace", "UniGLTF.Samples.ScreenSpace.csproj", "{6AF7017E-6D2D-FF03-3527-CB9E956BA64A}"
EndProject
Project("{FAE04EC0-301F-11D3-BF4B-00C04F79EFBC}") = "Assembly-CSharp-Editor", "Assembly-CSharp-Editor.csproj", "{322F2E7B-A131-09C3-C780-020A3007F0C7}"
EndProject
Project("{FAE04EC0-301F-11D3-BF4B-00C04F79EFBC}") = "UniGLTF.Tests", "UniGLTF.Tests.csproj", "{5D4485D0-2DE6-C5BA-2D53-EBB847E796D4}"
EndProject
Project("{FAE04EC0-301F-11D3-BF4B-00C04F79EFBC}") = "UniVRM.Editor", "UniVRM.Editor.csproj", "{5A872E38-7E8B-B58D-17CB-1459C1E30E83}"
EndProject
Project("{FAE04EC0-301F-11D3-BF4B-00C04F79EFBC}") = "VRMShaders.GLTF.UniUnlit.Editor", "VRMShaders.GLTF.UniUnlit.Editor.csproj", "{18A49A07-0F28-837C-A86E-63BFAB6525EE}"
EndProject
Project("{FAE04EC0-301F-11D3-BF4B-00C04F79EFBC}") = "UniGLTF.Editor", "UniGLTF.Editor.csproj", "{4E798361-3D05-4C8B-5B6D-AEDDADDF44EF}"
EndProject
Project("{FAE04EC0-301F-11D3-BF4B-00C04F79EFBC}") = "UniHumanoid.Editor", "UniHumanoid.Editor.csproj", "{25E6F40C-14F2-88AC-6958-CCCCF489BCB1}"
EndProject
Project("{FAE04EC0-301F-11D3-BF4B-00C04F79EFBC}") = "VRM.Tests", "VRM.Tests.csproj", "{828347D2-3DD6-BB78-E1E2-3D01F35CEEB4}"
EndProject
Project("{FAE04EC0-301F-11D3-BF4B-00C04F79EFBC}") = "VRMShaders.GLTF.IO.Tests", "VRMShaders.GLTF.IO.Tests.csproj", "{FF31D4C3-2723-1586-64BA-85DAA79ED3B2}"
EndProject
Project("{FAE04EC0-301F-11D3-BF4B-00C04F79EFBC}") = "VRMShaders.VRM10.MToon10.Editor", "VRMShaders.VRM10.MToon10.Editor.csproj", "{7238C8DD-4707-CA27-6A90-0C9104679217}"
EndProject
Project("{FAE04EC0-301F-11D3-BF4B-00C04F79EFBC}") = "MToon.Editor", "MToon.Editor.csproj", "{9F94E615-96A8-404A-75F8-EDE73DD1D61B}"
EndProject
Project("{FAE04EC0-301F-11D3-BF4B-00C04F79EFBC}") = "Assembly-CSharp-Editor-firstpass", "Assembly-CSharp-Editor-firstpass.csproj", "{934C348B-8CDA-3BD9-5FF0-348AF091053A}"
EndProject
Project("{FAE04EC0-301F-11D3-BF4B-00C04F79EFBC}") = "VRMShaders.GLTF.IO.Editor", "VRMShaders.GLTF.IO.Editor.csproj", "{15398D53-77DE-7DB8-6D90-1A718BC81CD3}"
EndProject
Project("{FAE04EC0-301F-11D3-BF4B-00C04F79EFBC}") = "VRMShaders.VRM10.MToon10.Tests", "VRMShaders.VRM10.MToon10.Tests.csproj", "{5A3D80CA-08A6-86E8-CC18-DDDE7AB492EB}"
EndProject
Project("{FAE04EC0-301F-11D3-BF4B-00C04F79EFBC}") = "UniHumanoid.Editor.Tests", "UniHumanoid.Editor.Tests.csproj", "{7CE49FE6-CD55-277F-A23C-C6C0DFF4E000}"
EndProject
Project("{FAE04EC0-301F-11D3-BF4B-00C04F79EFBC}") = "VRM.Samples.Editor.Tests", "VRM.Samples.Editor.Tests.csproj", "{8705266D-F6A0-78CD-D79F-3624B3F992C8}"
EndProject
Project("{FAE04EC0-301F-11D3-BF4B-00C04F79EFBC}") = "VRMShaders.VRM.IO.Editor", "VRMShaders.VRM.IO.Editor.csproj", "{A5527882-246A-AF89-70B0-9E275421DC7C}"
EndProject
Global
	GlobalSection(SolutionConfigurationPlatforms) = preSolution
		Debug|Any CPU = Debug|Any CPU
		Release|Any CPU = Release|Any CPU
	EndGlobalSection
	GlobalSection(ProjectConfigurationPlatforms) = postSolution
		{8FF510AF-64DA-1DD4-C1F6-94234716D9C9}.Debug|Any CPU.ActiveCfg = Debug|Any CPU
		{8FF510AF-64DA-1DD4-C1F6-94234716D9C9}.Debug|Any CPU.Build.0 = Debug|Any CPU
		{8FF510AF-64DA-1DD4-C1F6-94234716D9C9}.Release|Any CPU.ActiveCfg = Release|Any CPU
		{8FF510AF-64DA-1DD4-C1F6-94234716D9C9}.Release|Any CPU.Build.0 = Release|Any CPU
		{578B63BE-AA4D-321C-61D6-7A0FB4C149B2}.Debug|Any CPU.ActiveCfg = Debug|Any CPU
		{578B63BE-AA4D-321C-61D6-7A0FB4C149B2}.Debug|Any CPU.Build.0 = Debug|Any CPU
		{578B63BE-AA4D-321C-61D6-7A0FB4C149B2}.Release|Any CPU.ActiveCfg = Release|Any CPU
		{578B63BE-AA4D-321C-61D6-7A0FB4C149B2}.Release|Any CPU.Build.0 = Release|Any CPU
		{09BCA30F-49D4-9578-E979-8CAD764A8809}.Debug|Any CPU.ActiveCfg = Debug|Any CPU
		{09BCA30F-49D4-9578-E979-8CAD764A8809}.Debug|Any CPU.Build.0 = Debug|Any CPU
		{09BCA30F-49D4-9578-E979-8CAD764A8809}.Release|Any CPU.ActiveCfg = Release|Any CPU
		{09BCA30F-49D4-9578-E979-8CAD764A8809}.Release|Any CPU.Build.0 = Release|Any CPU
		{43C6C306-2FE8-3769-9B80-C4E29A0ECFEA}.Debug|Any CPU.ActiveCfg = Debug|Any CPU
		{43C6C306-2FE8-3769-9B80-C4E29A0ECFEA}.Debug|Any CPU.Build.0 = Debug|Any CPU
		{43C6C306-2FE8-3769-9B80-C4E29A0ECFEA}.Release|Any CPU.ActiveCfg = Release|Any CPU
		{43C6C306-2FE8-3769-9B80-C4E29A0ECFEA}.Release|Any CPU.Build.0 = Release|Any CPU
		{C8543FDE-01F1-9CA6-F5A7-5631936D9F21}.Debug|Any CPU.ActiveCfg = Debug|Any CPU
		{C8543FDE-01F1-9CA6-F5A7-5631936D9F21}.Debug|Any CPU.Build.0 = Debug|Any CPU
		{C8543FDE-01F1-9CA6-F5A7-5631936D9F21}.Release|Any CPU.ActiveCfg = Release|Any CPU
		{C8543FDE-01F1-9CA6-F5A7-5631936D9F21}.Release|Any CPU.Build.0 = Release|Any CPU
		{CC5EBA35-6B0F-63FB-3872-E5FE214249E0}.Debug|Any CPU.ActiveCfg = Debug|Any CPU
		{CC5EBA35-6B0F-63FB-3872-E5FE214249E0}.Debug|Any CPU.Build.0 = Debug|Any CPU
		{CC5EBA35-6B0F-63FB-3872-E5FE214249E0}.Release|Any CPU.ActiveCfg = Release|Any CPU
		{CC5EBA35-6B0F-63FB-3872-E5FE214249E0}.Release|Any CPU.Build.0 = Release|Any CPU
		{7A5025F0-8FE9-982C-DF6E-FA8E06306FB3}.Debug|Any CPU.ActiveCfg = Debug|Any CPU
		{7A5025F0-8FE9-982C-DF6E-FA8E06306FB3}.Debug|Any CPU.Build.0 = Debug|Any CPU
		{7A5025F0-8FE9-982C-DF6E-FA8E06306FB3}.Release|Any CPU.ActiveCfg = Release|Any CPU
		{7A5025F0-8FE9-982C-DF6E-FA8E06306FB3}.Release|Any CPU.Build.0 = Release|Any CPU
		{AEBF22BB-1C6B-A0C1-7C68-E3B43A068713}.Debug|Any CPU.ActiveCfg = Debug|Any CPU
		{AEBF22BB-1C6B-A0C1-7C68-E3B43A068713}.Debug|Any CPU.Build.0 = Debug|Any CPU
		{AEBF22BB-1C6B-A0C1-7C68-E3B43A068713}.Release|Any CPU.ActiveCfg = Release|Any CPU
		{AEBF22BB-1C6B-A0C1-7C68-E3B43A068713}.Release|Any CPU.Build.0 = Release|Any CPU
		{EDDF407C-3246-9CC6-64DF-62ADCFB138A5}.Debug|Any CPU.ActiveCfg = Debug|Any CPU
		{EDDF407C-3246-9CC6-64DF-62ADCFB138A5}.Debug|Any CPU.Build.0 = Debug|Any CPU
		{EDDF407C-3246-9CC6-64DF-62ADCFB138A5}.Release|Any CPU.ActiveCfg = Release|Any CPU
		{EDDF407C-3246-9CC6-64DF-62ADCFB138A5}.Release|Any CPU.Build.0 = Release|Any CPU
		{F8CE955B-1E0D-C031-C4A8-EC0B6BD9449A}.Debug|Any CPU.ActiveCfg = Debug|Any CPU
		{F8CE955B-1E0D-C031-C4A8-EC0B6BD9449A}.Debug|Any CPU.Build.0 = Debug|Any CPU
		{F8CE955B-1E0D-C031-C4A8-EC0B6BD9449A}.Release|Any CPU.ActiveCfg = Release|Any CPU
		{F8CE955B-1E0D-C031-C4A8-EC0B6BD9449A}.Release|Any CPU.Build.0 = Release|Any CPU
		{7C46571B-6AC5-6FF9-D046-9347EFDA0443}.Debug|Any CPU.ActiveCfg = Debug|Any CPU
		{7C46571B-6AC5-6FF9-D046-9347EFDA0443}.Debug|Any CPU.Build.0 = Debug|Any CPU
		{7C46571B-6AC5-6FF9-D046-9347EFDA0443}.Release|Any CPU.ActiveCfg = Release|Any CPU
		{7C46571B-6AC5-6FF9-D046-9347EFDA0443}.Release|Any CPU.Build.0 = Release|Any CPU
		{2C56E5B3-6955-8A2E-9540-7C8DA16E3D29}.Debug|Any CPU.ActiveCfg = Debug|Any CPU
		{2C56E5B3-6955-8A2E-9540-7C8DA16E3D29}.Debug|Any CPU.Build.0 = Debug|Any CPU
		{2C56E5B3-6955-8A2E-9540-7C8DA16E3D29}.Release|Any CPU.ActiveCfg = Release|Any CPU
		{2C56E5B3-6955-8A2E-9540-7C8DA16E3D29}.Release|Any CPU.Build.0 = Release|Any CPU
		{6AF7017E-6D2D-FF03-3527-CB9E956BA64A}.Debug|Any CPU.ActiveCfg = Debug|Any CPU
		{6AF7017E-6D2D-FF03-3527-CB9E956BA64A}.Debug|Any CPU.Build.0 = Debug|Any CPU
		{6AF7017E-6D2D-FF03-3527-CB9E956BA64A}.Release|Any CPU.ActiveCfg = Release|Any CPU
		{6AF7017E-6D2D-FF03-3527-CB9E956BA64A}.Release|Any CPU.Build.0 = Release|Any CPU
		{322F2E7B-A131-09C3-C780-020A3007F0C7}.Debug|Any CPU.ActiveCfg = Debug|Any CPU
		{322F2E7B-A131-09C3-C780-020A3007F0C7}.Debug|Any CPU.Build.0 = Debug|Any CPU
		{322F2E7B-A131-09C3-C780-020A3007F0C7}.Release|Any CPU.ActiveCfg = Release|Any CPU
		{322F2E7B-A131-09C3-C780-020A3007F0C7}.Release|Any CPU.Build.0 = Release|Any CPU
		{5D4485D0-2DE6-C5BA-2D53-EBB847E796D4}.Debug|Any CPU.ActiveCfg = Debug|Any CPU
		{5D4485D0-2DE6-C5BA-2D53-EBB847E796D4}.Debug|Any CPU.Build.0 = Debug|Any CPU
		{5D4485D0-2DE6-C5BA-2D53-EBB847E796D4}.Release|Any CPU.ActiveCfg = Release|Any CPU
		{5D4485D0-2DE6-C5BA-2D53-EBB847E796D4}.Release|Any CPU.Build.0 = Release|Any CPU
		{5A872E38-7E8B-B58D-17CB-1459C1E30E83}.Debug|Any CPU.ActiveCfg = Debug|Any CPU
		{5A872E38-7E8B-B58D-17CB-1459C1E30E83}.Debug|Any CPU.Build.0 = Debug|Any CPU
		{5A872E38-7E8B-B58D-17CB-1459C1E30E83}.Release|Any CPU.ActiveCfg = Release|Any CPU
		{5A872E38-7E8B-B58D-17CB-1459C1E30E83}.Release|Any CPU.Build.0 = Release|Any CPU
		{18A49A07-0F28-837C-A86E-63BFAB6525EE}.Debug|Any CPU.ActiveCfg = Debug|Any CPU
		{18A49A07-0F28-837C-A86E-63BFAB6525EE}.Debug|Any CPU.Build.0 = Debug|Any CPU
		{18A49A07-0F28-837C-A86E-63BFAB6525EE}.Release|Any CPU.ActiveCfg = Release|Any CPU
		{18A49A07-0F28-837C-A86E-63BFAB6525EE}.Release|Any CPU.Build.0 = Release|Any CPU
		{4E798361-3D05-4C8B-5B6D-AEDDADDF44EF}.Debug|Any CPU.ActiveCfg = Debug|Any CPU
		{4E798361-3D05-4C8B-5B6D-AEDDADDF44EF}.Debug|Any CPU.Build.0 = Debug|Any CPU
		{4E798361-3D05-4C8B-5B6D-AEDDADDF44EF}.Release|Any CPU.ActiveCfg = Release|Any CPU
		{4E798361-3D05-4C8B-5B6D-AEDDADDF44EF}.Release|Any CPU.Build.0 = Release|Any CPU
		{25E6F40C-14F2-88AC-6958-CCCCF489BCB1}.Debug|Any CPU.ActiveCfg = Debug|Any CPU
		{25E6F40C-14F2-88AC-6958-CCCCF489BCB1}.Debug|Any CPU.Build.0 = Debug|Any CPU
		{25E6F40C-14F2-88AC-6958-CCCCF489BCB1}.Release|Any CPU.ActiveCfg = Release|Any CPU
		{25E6F40C-14F2-88AC-6958-CCCCF489BCB1}.Release|Any CPU.Build.0 = Release|Any CPU
		{828347D2-3DD6-BB78-E1E2-3D01F35CEEB4}.Debug|Any CPU.ActiveCfg = Debug|Any CPU
		{828347D2-3DD6-BB78-E1E2-3D01F35CEEB4}.Debug|Any CPU.Build.0 = Debug|Any CPU
		{828347D2-3DD6-BB78-E1E2-3D01F35CEEB4}.Release|Any CPU.ActiveCfg = Release|Any CPU
		{828347D2-3DD6-BB78-E1E2-3D01F35CEEB4}.Release|Any CPU.Build.0 = Release|Any CPU
		{FF31D4C3-2723-1586-64BA-85DAA79ED3B2}.Debug|Any CPU.ActiveCfg = Debug|Any CPU
		{FF31D4C3-2723-1586-64BA-85DAA79ED3B2}.Debug|Any CPU.Build.0 = Debug|Any CPU
		{FF31D4C3-2723-1586-64BA-85DAA79ED3B2}.Release|Any CPU.ActiveCfg = Release|Any CPU
		{FF31D4C3-2723-1586-64BA-85DAA79ED3B2}.Release|Any CPU.Build.0 = Release|Any CPU
		{7238C8DD-4707-CA27-6A90-0C9104679217}.Debug|Any CPU.ActiveCfg = Debug|Any CPU
		{7238C8DD-4707-CA27-6A90-0C9104679217}.Debug|Any CPU.Build.0 = Debug|Any CPU
		{7238C8DD-4707-CA27-6A90-0C9104679217}.Release|Any CPU.ActiveCfg = Release|Any CPU
		{7238C8DD-4707-CA27-6A90-0C9104679217}.Release|Any CPU.Build.0 = Release|Any CPU
		{9F94E615-96A8-404A-75F8-EDE73DD1D61B}.Debug|Any CPU.ActiveCfg = Debug|Any CPU
		{9F94E615-96A8-404A-75F8-EDE73DD1D61B}.Debug|Any CPU.Build.0 = Debug|Any CPU
		{9F94E615-96A8-404A-75F8-EDE73DD1D61B}.Release|Any CPU.ActiveCfg = Release|Any CPU
		{9F94E615-96A8-404A-75F8-EDE73DD1D61B}.Release|Any CPU.Build.0 = Release|Any CPU
		{934C348B-8CDA-3BD9-5FF0-348AF091053A}.Debug|Any CPU.ActiveCfg = Debug|Any CPU
		{934C348B-8CDA-3BD9-5FF0-348AF091053A}.Debug|Any CPU.Build.0 = Debug|Any CPU
		{934C348B-8CDA-3BD9-5FF0-348AF091053A}.Release|Any CPU.ActiveCfg = Release|Any CPU
		{934C348B-8CDA-3BD9-5FF0-348AF091053A}.Release|Any CPU.Build.0 = Release|Any CPU
		{15398D53-77DE-7DB8-6D90-1A718BC81CD3}.Debug|Any CPU.ActiveCfg = Debug|Any CPU
		{15398D53-77DE-7DB8-6D90-1A718BC81CD3}.Debug|Any CPU.Build.0 = Debug|Any CPU
		{15398D53-77DE-7DB8-6D90-1A718BC81CD3}.Release|Any CPU.ActiveCfg = Release|Any CPU
		{15398D53-77DE-7DB8-6D90-1A718BC81CD3}.Release|Any CPU.Build.0 = Release|Any CPU
		{5A3D80CA-08A6-86E8-CC18-DDDE7AB492EB}.Debug|Any CPU.ActiveCfg = Debug|Any CPU
		{5A3D80CA-08A6-86E8-CC18-DDDE7AB492EB}.Debug|Any CPU.Build.0 = Debug|Any CPU
		{5A3D80CA-08A6-86E8-CC18-DDDE7AB492EB}.Release|Any CPU.ActiveCfg = Release|Any CPU
		{5A3D80CA-08A6-86E8-CC18-DDDE7AB492EB}.Release|Any CPU.Build.0 = Release|Any CPU
		{7CE49FE6-CD55-277F-A23C-C6C0DFF4E000}.Debug|Any CPU.ActiveCfg = Debug|Any CPU
		{7CE49FE6-CD55-277F-A23C-C6C0DFF4E000}.Debug|Any CPU.Build.0 = Debug|Any CPU
		{7CE49FE6-CD55-277F-A23C-C6C0DFF4E000}.Release|Any CPU.ActiveCfg = Release|Any CPU
		{7CE49FE6-CD55-277F-A23C-C6C0DFF4E000}.Release|Any CPU.Build.0 = Release|Any CPU
		{8705266D-F6A0-78CD-D79F-3624B3F992C8}.Debug|Any CPU.ActiveCfg = Debug|Any CPU
		{8705266D-F6A0-78CD-D79F-3624B3F992C8}.Debug|Any CPU.Build.0 = Debug|Any CPU
		{8705266D-F6A0-78CD-D79F-3624B3F992C8}.Release|Any CPU.ActiveCfg = Release|Any CPU
		{8705266D-F6A0-78CD-D79F-3624B3F992C8}.Release|Any CPU.Build.0 = Release|Any CPU
		{A5527882-246A-AF89-70B0-9E275421DC7C}.Debug|Any CPU.ActiveCfg = Debug|Any CPU
		{A5527882-246A-AF89-70B0-9E275421DC7C}.Debug|Any CPU.Build.0 = Debug|Any CPU
		{A5527882-246A-AF89-70B0-9E275421DC7C}.Release|Any CPU.ActiveCfg = Release|Any CPU
		{A5527882-246A-AF89-70B0-9E275421DC7C}.Release|Any CPU.Build.0 = Release|Any CPU
	EndGlobalSection
	GlobalSection(SolutionProperties) = preSolution
		HideSolutionNode = FALSE
	EndGlobalSection
EndGlobal
