
Microsoft Visual Studio Solution File, Format Version 12.00
# Visual Studio 15
Project("{FAE04EC0-301F-11D3-BF4B-00C04F79EFBC}") = "Assembly-CSharp", "Assembly-CSharp.csproj", "{F75A0648-20E3-06BE-4B14-7673BE14B9A7}"
EndProject
Project("{FAE04EC0-301F-11D3-BF4B-00C04F79EFBC}") = "UniGLTF", "UniGLTF.csproj", "{2BEDF49B-B9D5-8D7C-D5D4-D4C96E4E7BD3}"
EndProject
Project("{FAE04EC0-301F-11D3-BF4B-00C04F79EFBC}") = "Assembly-CSharp-firstpass", "Assembly-CSharp-firstpass.csproj", "{F1BFD8D0-EC0B-712C-8103-FEA5A7535FAF}"
EndProject
Project("{FAE04EC0-301F-11D3-BF4B-00C04F79EFBC}") = "VRM", "VRM.csproj", "{72D99561-19F3-1633-81EE-A4AECBA45EFF}"
EndProject
Project("{FAE04EC0-301F-11D3-BF4B-00C04F79EFBC}") = "VRMShaders.GLTF.IO.Runtime", "VRMShaders.GLTF.IO.Runtime.csproj", "{741EF2CB-B737-CF2E-734E-0EEB9F0CAC87}"
EndProject
Project("{FAE04EC0-301F-11D3-BF4B-00C04F79EFBC}") = "PhotonUnityNetworking.Demos", "PhotonUnityNetworking.Demos.csproj", "{B9028C79-2325-FC6A-39DB-1F2CD3120097}"
EndProject
Project("{FAE04EC0-301F-11D3-BF4B-00C04F79EFBC}") = "VRMShaders.VRM10.MToon10.Runtime", "VRMShaders.VRM10.MToon10.Runtime.csproj", "{D1520CEC-B76C-6E08-C464-217586A51F85}"
EndProject
Project("{FAE04EC0-301F-11D3-BF4B-00C04F79EFBC}") = "PhotonRealtime", "PhotonRealtime.csproj", "{BF60DF2E-E27A-425B-AB92-81F87B19E32D}"
EndProject
Project("{FAE04EC0-301F-11D3-BF4B-00C04F79EFBC}") = "UniHumanoid", "UniHumanoid.csproj", "{81367605-B446-0EA1-81E0-5574E3174EA7}"
EndProject
Project("{FAE04EC0-301F-11D3-BF4B-00C04F79EFBC}") = "PhotonUnityNetworking", "PhotonUnityNetworking.csproj", "{4BEF5F06-CD2B-7F20-64C8-15625CF76B12}"
EndProject
Project("{FAE04EC0-301F-11D3-BF4B-00C04F79EFBC}") = "PhotonUnityNetworking.Utilities", "PhotonUnityNetworking.Utilities.csproj", "{D95B6B03-0467-FEFC-4B94-812715165100}"
EndProject
Project("{FAE04EC0-301F-11D3-BF4B-00C04F79EFBC}") = "FastSpringBone", "FastSpringBone.csproj", "{A4ED93A3-3F1D-91DF-2426-C6994F577B03}"
EndProject
Project("{FAE04EC0-301F-11D3-BF4B-00C04F79EFBC}") = "VRMShaders.GLTF.UniUnlit.Runtime", "VRMShaders.GLTF.UniUnlit.Runtime.csproj", "{214C6314-2707-CA85-11D9-3706EDAD80EB}"
EndProject
Project("{FAE04EC0-301F-11D3-BF4B-00C04F79EFBC}") = "VRMShaders.VRM.IO.Runtime", "VRMShaders.VRM.IO.Runtime.csproj", "{77F970E3-87FF-C0E5-3E82-F339A0E7086A}"
EndProject
Project("{FAE04EC0-301F-11D3-BF4B-00C04F79EFBC}") = "MToon", "MToon.csproj", "{3A0149DE-6B13-430A-2B74-88905D063130}"
EndProject
Project("{FAE04EC0-301F-11D3-BF4B-00C04F79EFBC}") = "PhotonChat", "PhotonChat.csproj", "{7BB90B54-8067-4F96-EBF5-05D429A0A74D}"
EndProject
Project("{FAE04EC0-301F-11D3-BF4B-00C04F79EFBC}") = "VRMShaders.VRM10.Format.Runtime", "VRMShaders.VRM10.Format.Runtime.csproj", "{D9C4E839-6530-3CC4-D3D0-9EC50666F8EF}"
EndProject
Project("{FAE04EC0-301F-11D3-BF4B-00C04F79EFBC}") = "UniGLTF.Samples.ScreenSpace", "UniGLTF.Samples.ScreenSpace.csproj", "{11D42426-6615-C54A-83BD-07A1AF637E17}"
EndProject
Project("{FAE04EC0-301F-11D3-BF4B-00C04F79EFBC}") = "Assembly-CSharp-Editor", "Assembly-CSharp-Editor.csproj", "{6F0215C8-12A0-749A-7B82-DE82EB758A9A}"
EndProject
Project("{FAE04EC0-301F-11D3-BF4B-00C04F79EFBC}") = "PhotonUnityNetworking.Editor", "PhotonUnityNetworking.Editor.csproj", "{B7C7EA29-A3D0-D043-58DF-B65F208874C0}"
EndProject
Project("{FAE04EC0-301F-11D3-BF4B-00C04F79EFBC}") = "UniGLTF.Tests", "UniGLTF.Tests.csproj", "{5C9822F2-A5E0-AAF7-F104-BDA0B117A80D}"
EndProject
Project("{FAE04EC0-301F-11D3-BF4B-00C04F79EFBC}") = "UniVRM.Editor", "UniVRM.Editor.csproj", "{B14A697E-0F20-10EA-CB58-904C8E75A10B}"
EndProject
Project("{FAE04EC0-301F-11D3-BF4B-00C04F79EFBC}") = "VRMShaders.GLTF.UniUnlit.Editor", "VRMShaders.GLTF.UniUnlit.Editor.csproj", "{41BB7AD2-D7E9-5791-93ED-AC16528557C8}"
EndProject
Project("{FAE04EC0-301F-11D3-BF4B-00C04F79EFBC}") = "UniGLTF.Editor", "UniGLTF.Editor.csproj", "{BF3BFAC3-50CB-2167-F5FE-8D8D26945FDA}"
EndProject
Project("{FAE04EC0-301F-11D3-BF4B-00C04F79EFBC}") = "UniHumanoid.Editor", "UniHumanoid.Editor.csproj", "{9F9C7249-D771-AC74-DBF7-36A76C3CFB1A}"
EndProject
Project("{FAE04EC0-301F-11D3-BF4B-00C04F79EFBC}") = "VRM.Tests", "VRM.Tests.csproj", "{AC594227-F2C5-A8D9-50C5-D684F94B7F17}"
EndProject
Project("{FAE04EC0-301F-11D3-BF4B-00C04F79EFBC}") = "VRMShaders.GLTF.IO.Tests", "VRMShaders.GLTF.IO.Tests.csproj", "{86AAF701-8AFB-541F-586A-036B1D45E005}"
EndProject
Project("{FAE04EC0-301F-11D3-BF4B-00C04F79EFBC}") = "PhotonUnityNetworking.Utilities.PhotonPlayer.Editor", "PhotonUnityNetworking.Utilities.PhotonPlayer.Editor.csproj", "{67427822-6EA3-F8FB-04AE-45FA7AD299A4}"
EndProject
Project("{FAE04EC0-301F-11D3-BF4B-00C04F79EFBC}") = "PunDemos.DemoSlotcarEditor", "PunDemos.DemoSlotcarEditor.csproj", "{3F67AEA9-8F16-7BA2-72FE-AF4D2BC3CE6A}"
EndProject
Project("{FAE04EC0-301F-11D3-BF4B-00C04F79EFBC}") = "VRMShaders.VRM10.MToon10.Editor", "VRMShaders.VRM10.MToon10.Editor.csproj", "{10BC5FBD-EB0A-3EAC-DC49-5C9E14E30E15}"
EndProject
Project("{FAE04EC0-301F-11D3-BF4B-00C04F79EFBC}") = "MToon.Editor", "MToon.Editor.csproj", "{1CC511B6-542C-3021-9870-0022B3C64C23}"
EndProject
Project("{FAE04EC0-301F-11D3-BF4B-00C04F79EFBC}") = "PhotonUnityNetworking.Utilities.Culling.Editor", "PhotonUnityNetworking.Utilities.Culling.Editor.csproj", "{171A8624-C129-2B38-0F89-F504B96AC48D}"
EndProject
Project("{FAE04EC0-301F-11D3-BF4B-00C04F79EFBC}") = "PunDemos.DemoHubEditor", "PunDemos.DemoHubEditor.csproj", "{8B0CAADE-95A9-D196-5405-FC855B035F60}"
EndProject
Project("{FAE04EC0-301F-11D3-BF4B-00C04F79EFBC}") = "Assembly-CSharp-Editor-firstpass", "Assembly-CSharp-Editor-firstpass.csproj", "{D6F605E8-1A17-6187-589E-643BFF970191}"
EndProject
Project("{FAE04EC0-301F-11D3-BF4B-00C04F79EFBC}") = "VRMShaders.GLTF.IO.Editor", "VRMShaders.GLTF.IO.Editor.csproj", "{DB934CB8-34E5-3B79-E17B-359580981070}"
EndProject
Project("{FAE04EC0-301F-11D3-BF4B-00C04F79EFBC}") = "VRMShaders.VRM10.MToon10.Tests", "VRMShaders.VRM10.MToon10.Tests.csproj", "{551DD137-78FE-E87F-04FB-F7F8E8639031}"
EndProject
Project("{FAE04EC0-301F-11D3-BF4B-00C04F79EFBC}") = "UniHumanoid.Editor.Tests", "UniHumanoid.Editor.Tests.csproj", "{0AE71E49-CE6E-E5E6-8C34-923CD0F85842}"
EndProject
Project("{FAE04EC0-301F-11D3-BF4B-00C04F79EFBC}") = "VRM.Samples.Editor.Tests", "VRM.Samples.Editor.Tests.csproj", "{2E6506A3-C0C1-0E36-41D7-3FD82D5DE64A}"
EndProject
Project("{FAE04EC0-301F-11D3-BF4B-00C04F79EFBC}") = "VRMShaders.VRM.IO.Editor", "VRMShaders.VRM.IO.Editor.csproj", "{55B3B7FF-7300-5900-E02D-8B20BACFF2BE}"
EndProject
Global
	GlobalSection(SolutionConfigurationPlatforms) = preSolution
		Debug|Any CPU = Debug|Any CPU
		Release|Any CPU = Release|Any CPU
	EndGlobalSection
	GlobalSection(ProjectConfigurationPlatforms) = postSolution
		{F75A0648-20E3-06BE-4B14-7673BE14B9A7}.Debug|Any CPU.ActiveCfg = Debug|Any CPU
		{F75A0648-20E3-06BE-4B14-7673BE14B9A7}.Debug|Any CPU.Build.0 = Debug|Any CPU
		{F75A0648-20E3-06BE-4B14-7673BE14B9A7}.Release|Any CPU.ActiveCfg = Release|Any CPU
		{F75A0648-20E3-06BE-4B14-7673BE14B9A7}.Release|Any CPU.Build.0 = Release|Any CPU
		{2BEDF49B-B9D5-8D7C-D5D4-D4C96E4E7BD3}.Debug|Any CPU.ActiveCfg = Debug|Any CPU
		{2BEDF49B-B9D5-8D7C-D5D4-D4C96E4E7BD3}.Debug|Any CPU.Build.0 = Debug|Any CPU
		{2BEDF49B-B9D5-8D7C-D5D4-D4C96E4E7BD3}.Release|Any CPU.ActiveCfg = Release|Any CPU
		{2BEDF49B-B9D5-8D7C-D5D4-D4C96E4E7BD3}.Release|Any CPU.Build.0 = Release|Any CPU
		{F1BFD8D0-EC0B-712C-8103-FEA5A7535FAF}.Debug|Any CPU.ActiveCfg = Debug|Any CPU
		{F1BFD8D0-EC0B-712C-8103-FEA5A7535FAF}.Debug|Any CPU.Build.0 = Debug|Any CPU
		{F1BFD8D0-EC0B-712C-8103-FEA5A7535FAF}.Release|Any CPU.ActiveCfg = Release|Any CPU
		{F1BFD8D0-EC0B-712C-8103-FEA5A7535FAF}.Release|Any CPU.Build.0 = Release|Any CPU
		{72D99561-19F3-1633-81EE-A4AECBA45EFF}.Debug|Any CPU.ActiveCfg = Debug|Any CPU
		{72D99561-19F3-1633-81EE-A4AECBA45EFF}.Debug|Any CPU.Build.0 = Debug|Any CPU
		{72D99561-19F3-1633-81EE-A4AECBA45EFF}.Release|Any CPU.ActiveCfg = Release|Any CPU
		{72D99561-19F3-1633-81EE-A4AECBA45EFF}.Release|Any CPU.Build.0 = Release|Any CPU
		{741EF2CB-B737-CF2E-734E-0EEB9F0CAC87}.Debug|Any CPU.ActiveCfg = Debug|Any CPU
		{741EF2CB-B737-CF2E-734E-0EEB9F0CAC87}.Debug|Any CPU.Build.0 = Debug|Any CPU
		{741EF2CB-B737-CF2E-734E-0EEB9F0CAC87}.Release|Any CPU.ActiveCfg = Release|Any CPU
		{741EF2CB-B737-CF2E-734E-0EEB9F0CAC87}.Release|Any CPU.Build.0 = Release|Any CPU
		{B9028C79-2325-FC6A-39DB-1F2CD3120097}.Debug|Any CPU.ActiveCfg = Debug|Any CPU
		{B9028C79-2325-FC6A-39DB-1F2CD3120097}.Debug|Any CPU.Build.0 = Debug|Any CPU
		{B9028C79-2325-FC6A-39DB-1F2CD3120097}.Release|Any CPU.ActiveCfg = Release|Any CPU
		{B9028C79-2325-FC6A-39DB-1F2CD3120097}.Release|Any CPU.Build.0 = Release|Any CPU
		{D1520CEC-B76C-6E08-C464-217586A51F85}.Debug|Any CPU.ActiveCfg = Debug|Any CPU
		{D1520CEC-B76C-6E08-C464-217586A51F85}.Debug|Any CPU.Build.0 = Debug|Any CPU
		{D1520CEC-B76C-6E08-C464-217586A51F85}.Release|Any CPU.ActiveCfg = Release|Any CPU
		{D1520CEC-B76C-6E08-C464-217586A51F85}.Release|Any CPU.Build.0 = Release|Any CPU
		{BF60DF2E-E27A-425B-AB92-81F87B19E32D}.Debug|Any CPU.ActiveCfg = Debug|Any CPU
		{BF60DF2E-E27A-425B-AB92-81F87B19E32D}.Debug|Any CPU.Build.0 = Debug|Any CPU
		{BF60DF2E-E27A-425B-AB92-81F87B19E32D}.Release|Any CPU.ActiveCfg = Release|Any CPU
		{BF60DF2E-E27A-425B-AB92-81F87B19E32D}.Release|Any CPU.Build.0 = Release|Any CPU
		{81367605-B446-0EA1-81E0-5574E3174EA7}.Debug|Any CPU.ActiveCfg = Debug|Any CPU
		{81367605-B446-0EA1-81E0-5574E3174EA7}.Debug|Any CPU.Build.0 = Debug|Any CPU
		{81367605-B446-0EA1-81E0-5574E3174EA7}.Release|Any CPU.ActiveCfg = Release|Any CPU
		{81367605-B446-0EA1-81E0-5574E3174EA7}.Release|Any CPU.Build.0 = Release|Any CPU
		{4BEF5F06-CD2B-7F20-64C8-15625CF76B12}.Debug|Any CPU.ActiveCfg = Debug|Any CPU
		{4BEF5F06-CD2B-7F20-64C8-15625CF76B12}.Debug|Any CPU.Build.0 = Debug|Any CPU
		{4BEF5F06-CD2B-7F20-64C8-15625CF76B12}.Release|Any CPU.ActiveCfg = Release|Any CPU
		{4BEF5F06-CD2B-7F20-64C8-15625CF76B12}.Release|Any CPU.Build.0 = Release|Any CPU
		{D95B6B03-0467-FEFC-4B94-812715165100}.Debug|Any CPU.ActiveCfg = Debug|Any CPU
		{D95B6B03-0467-FEFC-4B94-812715165100}.Debug|Any CPU.Build.0 = Debug|Any CPU
		{D95B6B03-0467-FEFC-4B94-812715165100}.Release|Any CPU.ActiveCfg = Release|Any CPU
		{D95B6B03-0467-FEFC-4B94-812715165100}.Release|Any CPU.Build.0 = Release|Any CPU
		{A4ED93A3-3F1D-91DF-2426-C6994F577B03}.Debug|Any CPU.ActiveCfg = Debug|Any CPU
		{A4ED93A3-3F1D-91DF-2426-C6994F577B03}.Debug|Any CPU.Build.0 = Debug|Any CPU
		{A4ED93A3-3F1D-91DF-2426-C6994F577B03}.Release|Any CPU.ActiveCfg = Release|Any CPU
		{A4ED93A3-3F1D-91DF-2426-C6994F577B03}.Release|Any CPU.Build.0 = Release|Any CPU
		{214C6314-2707-CA85-11D9-3706EDAD80EB}.Debug|Any CPU.ActiveCfg = Debug|Any CPU
		{214C6314-2707-CA85-11D9-3706EDAD80EB}.Debug|Any CPU.Build.0 = Debug|Any CPU
		{214C6314-2707-CA85-11D9-3706EDAD80EB}.Release|Any CPU.ActiveCfg = Release|Any CPU
		{214C6314-2707-CA85-11D9-3706EDAD80EB}.Release|Any CPU.Build.0 = Release|Any CPU
		{77F970E3-87FF-C0E5-3E82-F339A0E7086A}.Debug|Any CPU.ActiveCfg = Debug|Any CPU
		{77F970E3-87FF-C0E5-3E82-F339A0E7086A}.Debug|Any CPU.Build.0 = Debug|Any CPU
		{77F970E3-87FF-C0E5-3E82-F339A0E7086A}.Release|Any CPU.ActiveCfg = Release|Any CPU
		{77F970E3-87FF-C0E5-3E82-F339A0E7086A}.Release|Any CPU.Build.0 = Release|Any CPU
		{3A0149DE-6B13-430A-2B74-88905D063130}.Debug|Any CPU.ActiveCfg = Debug|Any CPU
		{3A0149DE-6B13-430A-2B74-88905D063130}.Debug|Any CPU.Build.0 = Debug|Any CPU
		{3A0149DE-6B13-430A-2B74-88905D063130}.Release|Any CPU.ActiveCfg = Release|Any CPU
		{3A0149DE-6B13-430A-2B74-88905D063130}.Release|Any CPU.Build.0 = Release|Any CPU
		{7BB90B54-8067-4F96-EBF5-05D429A0A74D}.Debug|Any CPU.ActiveCfg = Debug|Any CPU
		{7BB90B54-8067-4F96-EBF5-05D429A0A74D}.Debug|Any CPU.Build.0 = Debug|Any CPU
		{7BB90B54-8067-4F96-EBF5-05D429A0A74D}.Release|Any CPU.ActiveCfg = Release|Any CPU
		{7BB90B54-8067-4F96-EBF5-05D429A0A74D}.Release|Any CPU.Build.0 = Release|Any CPU
		{D9C4E839-6530-3CC4-D3D0-9EC50666F8EF}.Debug|Any CPU.ActiveCfg = Debug|Any CPU
		{D9C4E839-6530-3CC4-D3D0-9EC50666F8EF}.Debug|Any CPU.Build.0 = Debug|Any CPU
		{D9C4E839-6530-3CC4-D3D0-9EC50666F8EF}.Release|Any CPU.ActiveCfg = Release|Any CPU
		{D9C4E839-6530-3CC4-D3D0-9EC50666F8EF}.Release|Any CPU.Build.0 = Release|Any CPU
		{11D42426-6615-C54A-83BD-07A1AF637E17}.Debug|Any CPU.ActiveCfg = Debug|Any CPU
		{11D42426-6615-C54A-83BD-07A1AF637E17}.Debug|Any CPU.Build.0 = Debug|Any CPU
		{11D42426-6615-C54A-83BD-07A1AF637E17}.Release|Any CPU.ActiveCfg = Release|Any CPU
		{11D42426-6615-C54A-83BD-07A1AF637E17}.Release|Any CPU.Build.0 = Release|Any CPU
		{6F0215C8-12A0-749A-7B82-DE82EB758A9A}.Debug|Any CPU.ActiveCfg = Debug|Any CPU
		{6F0215C8-12A0-749A-7B82-DE82EB758A9A}.Debug|Any CPU.Build.0 = Debug|Any CPU
		{6F0215C8-12A0-749A-7B82-DE82EB758A9A}.Release|Any CPU.ActiveCfg = Release|Any CPU
		{6F0215C8-12A0-749A-7B82-DE82EB758A9A}.Release|Any CPU.Build.0 = Release|Any CPU
		{B7C7EA29-A3D0-D043-58DF-B65F208874C0}.Debug|Any CPU.ActiveCfg = Debug|Any CPU
		{B7C7EA29-A3D0-D043-58DF-B65F208874C0}.Debug|Any CPU.Build.0 = Debug|Any CPU
		{B7C7EA29-A3D0-D043-58DF-B65F208874C0}.Release|Any CPU.ActiveCfg = Release|Any CPU
		{B7C7EA29-A3D0-D043-58DF-B65F208874C0}.Release|Any CPU.Build.0 = Release|Any CPU
		{5C9822F2-A5E0-AAF7-F104-BDA0B117A80D}.Debug|Any CPU.ActiveCfg = Debug|Any CPU
		{5C9822F2-A5E0-AAF7-F104-BDA0B117A80D}.Debug|Any CPU.Build.0 = Debug|Any CPU
		{5C9822F2-A5E0-AAF7-F104-BDA0B117A80D}.Release|Any CPU.ActiveCfg = Release|Any CPU
		{5C9822F2-A5E0-AAF7-F104-BDA0B117A80D}.Release|Any CPU.Build.0 = Release|Any CPU
		{B14A697E-0F20-10EA-CB58-904C8E75A10B}.Debug|Any CPU.ActiveCfg = Debug|Any CPU
		{B14A697E-0F20-10EA-CB58-904C8E75A10B}.Debug|Any CPU.Build.0 = Debug|Any CPU
		{B14A697E-0F20-10EA-CB58-904C8E75A10B}.Release|Any CPU.ActiveCfg = Release|Any CPU
		{B14A697E-0F20-10EA-CB58-904C8E75A10B}.Release|Any CPU.Build.0 = Release|Any CPU
		{41BB7AD2-D7E9-5791-93ED-AC16528557C8}.Debug|Any CPU.ActiveCfg = Debug|Any CPU
		{41BB7AD2-D7E9-5791-93ED-AC16528557C8}.Debug|Any CPU.Build.0 = Debug|Any CPU
		{41BB7AD2-D7E9-5791-93ED-AC16528557C8}.Release|Any CPU.ActiveCfg = Release|Any CPU
		{41BB7AD2-D7E9-5791-93ED-AC16528557C8}.Release|Any CPU.Build.0 = Release|Any CPU
		{BF3BFAC3-50CB-2167-F5FE-8D8D26945FDA}.Debug|Any CPU.ActiveCfg = Debug|Any CPU
		{BF3BFAC3-50CB-2167-F5FE-8D8D26945FDA}.Debug|Any CPU.Build.0 = Debug|Any CPU
		{BF3BFAC3-50CB-2167-F5FE-8D8D26945FDA}.Release|Any CPU.ActiveCfg = Release|Any CPU
		{BF3BFAC3-50CB-2167-F5FE-8D8D26945FDA}.Release|Any CPU.Build.0 = Release|Any CPU
		{9F9C7249-D771-AC74-DBF7-36A76C3CFB1A}.Debug|Any CPU.ActiveCfg = Debug|Any CPU
		{9F9C7249-D771-AC74-DBF7-36A76C3CFB1A}.Debug|Any CPU.Build.0 = Debug|Any CPU
		{9F9C7249-D771-AC74-DBF7-36A76C3CFB1A}.Release|Any CPU.ActiveCfg = Release|Any CPU
		{9F9C7249-D771-AC74-DBF7-36A76C3CFB1A}.Release|Any CPU.Build.0 = Release|Any CPU
		{AC594227-F2C5-A8D9-50C5-D684F94B7F17}.Debug|Any CPU.ActiveCfg = Debug|Any CPU
		{AC594227-F2C5-A8D9-50C5-D684F94B7F17}.Debug|Any CPU.Build.0 = Debug|Any CPU
		{AC594227-F2C5-A8D9-50C5-D684F94B7F17}.Release|Any CPU.ActiveCfg = Release|Any CPU
		{AC594227-F2C5-A8D9-50C5-D684F94B7F17}.Release|Any CPU.Build.0 = Release|Any CPU
		{86AAF701-8AFB-541F-586A-036B1D45E005}.Debug|Any CPU.ActiveCfg = Debug|Any CPU
		{86AAF701-8AFB-541F-586A-036B1D45E005}.Debug|Any CPU.Build.0 = Debug|Any CPU
		{86AAF701-8AFB-541F-586A-036B1D45E005}.Release|Any CPU.ActiveCfg = Release|Any CPU
		{86AAF701-8AFB-541F-586A-036B1D45E005}.Release|Any CPU.Build.0 = Release|Any CPU
		{67427822-6EA3-F8FB-04AE-45FA7AD299A4}.Debug|Any CPU.ActiveCfg = Debug|Any CPU
		{67427822-6EA3-F8FB-04AE-45FA7AD299A4}.Debug|Any CPU.Build.0 = Debug|Any CPU
		{67427822-6EA3-F8FB-04AE-45FA7AD299A4}.Release|Any CPU.ActiveCfg = Release|Any CPU
		{67427822-6EA3-F8FB-04AE-45FA7AD299A4}.Release|Any CPU.Build.0 = Release|Any CPU
		{3F67AEA9-8F16-7BA2-72FE-AF4D2BC3CE6A}.Debug|Any CPU.ActiveCfg = Debug|Any CPU
		{3F67AEA9-8F16-7BA2-72FE-AF4D2BC3CE6A}.Debug|Any CPU.Build.0 = Debug|Any CPU
		{3F67AEA9-8F16-7BA2-72FE-AF4D2BC3CE6A}.Release|Any CPU.ActiveCfg = Release|Any CPU
		{3F67AEA9-8F16-7BA2-72FE-AF4D2BC3CE6A}.Release|Any CPU.Build.0 = Release|Any CPU
		{10BC5FBD-EB0A-3EAC-DC49-5C9E14E30E15}.Debug|Any CPU.ActiveCfg = Debug|Any CPU
		{10BC5FBD-EB0A-3EAC-DC49-5C9E14E30E15}.Debug|Any CPU.Build.0 = Debug|Any CPU
		{10BC5FBD-EB0A-3EAC-DC49-5C9E14E30E15}.Release|Any CPU.ActiveCfg = Release|Any CPU
		{10BC5FBD-EB0A-3EAC-DC49-5C9E14E30E15}.Release|Any CPU.Build.0 = Release|Any CPU
		{1CC511B6-542C-3021-9870-0022B3C64C23}.Debug|Any CPU.ActiveCfg = Debug|Any CPU
		{1CC511B6-542C-3021-9870-0022B3C64C23}.Debug|Any CPU.Build.0 = Debug|Any CPU
		{1CC511B6-542C-3021-9870-0022B3C64C23}.Release|Any CPU.ActiveCfg = Release|Any CPU
		{1CC511B6-542C-3021-9870-0022B3C64C23}.Release|Any CPU.Build.0 = Release|Any CPU
		{171A8624-C129-2B38-0F89-F504B96AC48D}.Debug|Any CPU.ActiveCfg = Debug|Any CPU
		{171A8624-C129-2B38-0F89-F504B96AC48D}.Debug|Any CPU.Build.0 = Debug|Any CPU
		{171A8624-C129-2B38-0F89-F504B96AC48D}.Release|Any CPU.ActiveCfg = Release|Any CPU
		{171A8624-C129-2B38-0F89-F504B96AC48D}.Release|Any CPU.Build.0 = Release|Any CPU
		{8B0CAADE-95A9-D196-5405-FC855B035F60}.Debug|Any CPU.ActiveCfg = Debug|Any CPU
		{8B0CAADE-95A9-D196-5405-FC855B035F60}.Debug|Any CPU.Build.0 = Debug|Any CPU
		{8B0CAADE-95A9-D196-5405-FC855B035F60}.Release|Any CPU.ActiveCfg = Release|Any CPU
		{8B0CAADE-95A9-D196-5405-FC855B035F60}.Release|Any CPU.Build.0 = Release|Any CPU
		{D6F605E8-1A17-6187-589E-643BFF970191}.Debug|Any CPU.ActiveCfg = Debug|Any CPU
		{D6F605E8-1A17-6187-589E-643BFF970191}.Debug|Any CPU.Build.0 = Debug|Any CPU
		{D6F605E8-1A17-6187-589E-643BFF970191}.Release|Any CPU.ActiveCfg = Release|Any CPU
		{D6F605E8-1A17-6187-589E-643BFF970191}.Release|Any CPU.Build.0 = Release|Any CPU
		{DB934CB8-34E5-3B79-E17B-359580981070}.Debug|Any CPU.ActiveCfg = Debug|Any CPU
		{DB934CB8-34E5-3B79-E17B-359580981070}.Debug|Any CPU.Build.0 = Debug|Any CPU
		{DB934CB8-34E5-3B79-E17B-359580981070}.Release|Any CPU.ActiveCfg = Release|Any CPU
		{DB934CB8-34E5-3B79-E17B-359580981070}.Release|Any CPU.Build.0 = Release|Any CPU
		{551DD137-78FE-E87F-04FB-F7F8E8639031}.Debug|Any CPU.ActiveCfg = Debug|Any CPU
		{551DD137-78FE-E87F-04FB-F7F8E8639031}.Debug|Any CPU.Build.0 = Debug|Any CPU
		{551DD137-78FE-E87F-04FB-F7F8E8639031}.Release|Any CPU.ActiveCfg = Release|Any CPU
		{551DD137-78FE-E87F-04FB-F7F8E8639031}.Release|Any CPU.Build.0 = Release|Any CPU
		{0AE71E49-CE6E-E5E6-8C34-923CD0F85842}.Debug|Any CPU.ActiveCfg = Debug|Any CPU
		{0AE71E49-CE6E-E5E6-8C34-923CD0F85842}.Debug|Any CPU.Build.0 = Debug|Any CPU
		{0AE71E49-CE6E-E5E6-8C34-923CD0F85842}.Release|Any CPU.ActiveCfg = Release|Any CPU
		{0AE71E49-CE6E-E5E6-8C34-923CD0F85842}.Release|Any CPU.Build.0 = Release|Any CPU
		{2E6506A3-C0C1-0E36-41D7-3FD82D5DE64A}.Debug|Any CPU.ActiveCfg = Debug|Any CPU
		{2E6506A3-C0C1-0E36-41D7-3FD82D5DE64A}.Debug|Any CPU.Build.0 = Debug|Any CPU
		{2E6506A3-C0C1-0E36-41D7-3FD82D5DE64A}.Release|Any CPU.ActiveCfg = Release|Any CPU
		{2E6506A3-C0C1-0E36-41D7-3FD82D5DE64A}.Release|Any CPU.Build.0 = Release|Any CPU
		{55B3B7FF-7300-5900-E02D-8B20BACFF2BE}.Debug|Any CPU.ActiveCfg = Debug|Any CPU
		{55B3B7FF-7300-5900-E02D-8B20BACFF2BE}.Debug|Any CPU.Build.0 = Debug|Any CPU
		{55B3B7FF-7300-5900-E02D-8B20BACFF2BE}.Release|Any CPU.ActiveCfg = Release|Any CPU
		{55B3B7FF-7300-5900-E02D-8B20BACFF2BE}.Release|Any CPU.Build.0 = Release|Any CPU
	EndGlobalSection
	GlobalSection(SolutionProperties) = preSolution
		HideSolutionNode = FALSE
	EndGlobalSection
EndGlobal
