
Microsoft Visual Studio Solution File, Format Version 12.00
# Visual Studio 15
Project("{FAE04EC0-301F-11D3-BF4B-00C04F79EFBC}") = "Assembly-CSharp", "Assembly-CSharp.csproj", "{B35DCFC0-0050-7873-5577-020F820AD78B}"
EndProject
Project("{FAE04EC0-301F-11D3-BF4B-00C04F79EFBC}") = "UniGLTF", "UniGLTF.csproj", "{7D443791-63B9-B24F-03DE-B11780945403}"
EndProject
Project("{FAE04EC0-301F-11D3-BF4B-00C04F79EFBC}") = "Assembly-CSharp-firstpass", "Assembly-CSharp-firstpass.csproj", "{FA97C987-761F-5253-F645-BF6A9B40BDE9}"
EndProject
Project("{FAE04EC0-301F-11D3-BF4B-00C04F79EFBC}") = "VRM", "VRM.csproj", "{B55F2EFB-F9AB-5C9E-6505-D59DB7B720E4}"
EndProject
Project("{FAE04EC0-301F-11D3-BF4B-00C04F79EFBC}") = "VRMShaders.GLTF.IO.Runtime", "VRMShaders.GLTF.IO.Runtime.csproj", "{3E0BA184-BFDB-A7A3-F6B9-511756E8FAB7}"
EndProject
Project("{FAE04EC0-301F-11D3-BF4B-00C04F79EFBC}") = "PhotonUnityNetworking.Demos", "PhotonUnityNetworking.Demos.csproj", "{A1FECCAD-FECF-09A8-38BD-C16BE445BED4}"
EndProject
Project("{FAE04EC0-301F-11D3-BF4B-00C04F79EFBC}") = "VRMShaders.VRM10.MToon10.Runtime", "VRMShaders.VRM10.MToon10.Runtime.csproj", "{71653C53-E9AB-96C1-005D-114BD83B368C}"
EndProject
Project("{FAE04EC0-301F-11D3-BF4B-00C04F79EFBC}") = "PhotonRealtime", "PhotonRealtime.csproj", "{6141DBA6-53A7-54CE-BCEC-A86B29344882}"
EndProject
Project("{FAE04EC0-301F-11D3-BF4B-00C04F79EFBC}") = "UniHumanoid", "UniHumanoid.csproj", "{6A8F4A5A-1E20-2D73-3D01-119CE7CB678E}"
EndProject
Project("{FAE04EC0-301F-11D3-BF4B-00C04F79EFBC}") = "PhotonUnityNetworking", "PhotonUnityNetworking.csproj", "{C227E903-D7BD-7129-B8AA-7C6942C969E6}"
EndProject
Project("{FAE04EC0-301F-11D3-BF4B-00C04F79EFBC}") = "PhotonUnityNetworking.Utilities", "PhotonUnityNetworking.Utilities.csproj", "{502B4AEC-6441-FBBC-BFA7-8071E990A09D}"
EndProject
Project("{FAE04EC0-301F-11D3-BF4B-00C04F79EFBC}") = "FastSpringBone", "FastSpringBone.csproj", "{0B82355A-3330-3B65-51F4-464E6AB9F769}"
EndProject
Project("{FAE04EC0-301F-11D3-BF4B-00C04F79EFBC}") = "VRMShaders.GLTF.UniUnlit.Runtime", "VRMShaders.GLTF.UniUnlit.Runtime.csproj", "{7701610F-6223-B60D-8F3B-E43F68E05D18}"
EndProject
Project("{FAE04EC0-301F-11D3-BF4B-00C04F79EFBC}") = "VRMShaders.VRM.IO.Runtime", "VRMShaders.VRM.IO.Runtime.csproj", "{E729554A-0C9E-E4EC-1021-519248071933}"
EndProject
Project("{FAE04EC0-301F-11D3-BF4B-00C04F79EFBC}") = "MToon", "MToon.csproj", "{6CE4C648-36A7-1ED8-5123-CFD8C269DC8D}"
EndProject
Project("{FAE04EC0-301F-11D3-BF4B-00C04F79EFBC}") = "PhotonChat", "PhotonChat.csproj", "{D8E923FC-BD4F-53BC-85A6-E1F136F6CC03}"
EndProject
Project("{FAE04EC0-301F-11D3-BF4B-00C04F79EFBC}") = "VRMShaders.VRM10.Format.Runtime", "VRMShaders.VRM10.Format.Runtime.csproj", "{75B7658E-F15B-9884-F7CA-1DA96363AF8C}"
EndProject
Project("{FAE04EC0-301F-11D3-BF4B-00C04F79EFBC}") = "UniGLTF.Samples.ScreenSpace", "UniGLTF.Samples.ScreenSpace.csproj", "{58052102-555D-43A9-BA8B-F6451AE2F488}"
EndProject
Project("{FAE04EC0-301F-11D3-BF4B-00C04F79EFBC}") = "Assembly-CSharp-Editor", "Assembly-CSharp-Editor.csproj", "{71A5C56A-FAB6-38C0-F416-CBF3AE5FCC87}"
EndProject
Project("{FAE04EC0-301F-11D3-BF4B-00C04F79EFBC}") = "PhotonUnityNetworking.Editor", "PhotonUnityNetworking.Editor.csproj", "{B0417B0C-9F08-AEAA-03AD-F1C900A6A3CD}"
EndProject
Project("{FAE04EC0-301F-11D3-BF4B-00C04F79EFBC}") = "UniGLTF.Tests", "UniGLTF.Tests.csproj", "{B7AD6F8A-2C2B-94B7-C1A3-8E3B5DCF2F12}"
EndProject
Project("{FAE04EC0-301F-11D3-BF4B-00C04F79EFBC}") = "UniVRM.Editor", "UniVRM.Editor.csproj", "{5DA472CE-C04E-9897-246F-5809AC5DB7B3}"
EndProject
Project("{FAE04EC0-301F-11D3-BF4B-00C04F79EFBC}") = "VRMShaders.GLTF.UniUnlit.Editor", "VRMShaders.GLTF.UniUnlit.Editor.csproj", "{55173A43-6278-4CC9-240B-05F82693420B}"
EndProject
Project("{FAE04EC0-301F-11D3-BF4B-00C04F79EFBC}") = "UniGLTF.Editor", "UniGLTF.Editor.csproj", "{8F466E6B-9FEC-56E1-25F9-E21260100837}"
EndProject
Project("{FAE04EC0-301F-11D3-BF4B-00C04F79EFBC}") = "UniHumanoid.Editor", "UniHumanoid.Editor.csproj", "{308EE301-AAFE-C079-6A1B-67FAFE721F32}"
EndProject
Project("{FAE04EC0-301F-11D3-BF4B-00C04F79EFBC}") = "VRM.Tests", "VRM.Tests.csproj", "{FE004876-E957-36A2-718A-3AA4CF46D77D}"
EndProject
Project("{FAE04EC0-301F-11D3-BF4B-00C04F79EFBC}") = "VRMShaders.GLTF.IO.Tests", "VRMShaders.GLTF.IO.Tests.csproj", "{B770B2A8-3459-EFBF-B11F-2A800DA8500D}"
EndProject
Project("{FAE04EC0-301F-11D3-BF4B-00C04F79EFBC}") = "PhotonUnityNetworking.Utilities.PhotonPlayer.Editor", "PhotonUnityNetworking.Utilities.PhotonPlayer.Editor.csproj", "{E117E522-C969-30E4-5DBB-CBF2355D107A}"
EndProject
Project("{FAE04EC0-301F-11D3-BF4B-00C04F79EFBC}") = "PunDemos.DemoSlotcarEditor", "PunDemos.DemoSlotcarEditor.csproj", "{25C325F6-CE9B-6211-8210-045F450B0C85}"
EndProject
Project("{FAE04EC0-301F-11D3-BF4B-00C04F79EFBC}") = "VRMShaders.VRM10.MToon10.Editor", "VRMShaders.VRM10.MToon10.Editor.csproj", "{A6844147-B5DF-8DEF-8F44-7749159C9329}"
EndProject
Project("{FAE04EC0-301F-11D3-BF4B-00C04F79EFBC}") = "MToon.Editor", "MToon.Editor.csproj", "{128A3DD2-951B-2EC2-35DC-B43FE8294B0F}"
EndProject
Project("{FAE04EC0-301F-11D3-BF4B-00C04F79EFBC}") = "PhotonUnityNetworking.Utilities.Culling.Editor", "PhotonUnityNetworking.Utilities.Culling.Editor.csproj", "{1CA7782C-D4E6-D02B-02BB-7D9204252FE4}"
EndProject
Project("{FAE04EC0-301F-11D3-BF4B-00C04F79EFBC}") = "PunDemos.DemoHubEditor", "PunDemos.DemoHubEditor.csproj", "{F0E2DE8A-8E25-7196-E040-1962DCA16EFE}"
EndProject
Project("{FAE04EC0-301F-11D3-BF4B-00C04F79EFBC}") = "Assembly-CSharp-Editor-firstpass", "Assembly-CSharp-Editor-firstpass.csproj", "{9073BDB6-6E85-CDCA-9016-79A503ADCF7C}"
EndProject
Project("{FAE04EC0-301F-11D3-BF4B-00C04F79EFBC}") = "VRMShaders.GLTF.IO.Editor", "VRMShaders.GLTF.IO.Editor.csproj", "{6156EEA2-C0FA-5F6C-FCFF-592F7A222C10}"
EndProject
Project("{FAE04EC0-301F-11D3-BF4B-00C04F79EFBC}") = "VRMShaders.VRM10.MToon10.Tests", "VRMShaders.VRM10.MToon10.Tests.csproj", "{8DE5EE4F-0B0B-F012-72B5-F4A6A6A4333E}"
EndProject
Project("{FAE04EC0-301F-11D3-BF4B-00C04F79EFBC}") = "UniHumanoid.Editor.Tests", "UniHumanoid.Editor.Tests.csproj", "{21CB8C39-7406-257B-B073-A8441670BC6D}"
EndProject
Project("{FAE04EC0-301F-11D3-BF4B-00C04F79EFBC}") = "VRM.Samples.Editor.Tests", "VRM.Samples.Editor.Tests.csproj", "{F5E63B61-99D4-F9E1-EF0C-5FC775802885}"
EndProject
Project("{FAE04EC0-301F-11D3-BF4B-00C04F79EFBC}") = "VRMShaders.VRM.IO.Editor", "VRMShaders.VRM.IO.Editor.csproj", "{0FC88DA7-D3BE-AD27-5A74-58D0624AA070}"
EndProject
Global
	GlobalSection(SolutionConfigurationPlatforms) = preSolution
		Debug|Any CPU = Debug|Any CPU
		Release|Any CPU = Release|Any CPU
	EndGlobalSection
	GlobalSection(ProjectConfigurationPlatforms) = postSolution
		{B35DCFC0-0050-7873-5577-020F820AD78B}.Debug|Any CPU.ActiveCfg = Debug|Any CPU
		{B35DCFC0-0050-7873-5577-020F820AD78B}.Debug|Any CPU.Build.0 = Debug|Any CPU
		{B35DCFC0-0050-7873-5577-020F820AD78B}.Release|Any CPU.ActiveCfg = Release|Any CPU
		{B35DCFC0-0050-7873-5577-020F820AD78B}.Release|Any CPU.Build.0 = Release|Any CPU
		{7D443791-63B9-B24F-03DE-B11780945403}.Debug|Any CPU.ActiveCfg = Debug|Any CPU
		{7D443791-63B9-B24F-03DE-B11780945403}.Debug|Any CPU.Build.0 = Debug|Any CPU
		{7D443791-63B9-B24F-03DE-B11780945403}.Release|Any CPU.ActiveCfg = Release|Any CPU
		{7D443791-63B9-B24F-03DE-B11780945403}.Release|Any CPU.Build.0 = Release|Any CPU
		{FA97C987-761F-5253-F645-BF6A9B40BDE9}.Debug|Any CPU.ActiveCfg = Debug|Any CPU
		{FA97C987-761F-5253-F645-BF6A9B40BDE9}.Debug|Any CPU.Build.0 = Debug|Any CPU
		{FA97C987-761F-5253-F645-BF6A9B40BDE9}.Release|Any CPU.ActiveCfg = Release|Any CPU
		{FA97C987-761F-5253-F645-BF6A9B40BDE9}.Release|Any CPU.Build.0 = Release|Any CPU
		{B55F2EFB-F9AB-5C9E-6505-D59DB7B720E4}.Debug|Any CPU.ActiveCfg = Debug|Any CPU
		{B55F2EFB-F9AB-5C9E-6505-D59DB7B720E4}.Debug|Any CPU.Build.0 = Debug|Any CPU
		{B55F2EFB-F9AB-5C9E-6505-D59DB7B720E4}.Release|Any CPU.ActiveCfg = Release|Any CPU
		{B55F2EFB-F9AB-5C9E-6505-D59DB7B720E4}.Release|Any CPU.Build.0 = Release|Any CPU
		{3E0BA184-BFDB-A7A3-F6B9-511756E8FAB7}.Debug|Any CPU.ActiveCfg = Debug|Any CPU
		{3E0BA184-BFDB-A7A3-F6B9-511756E8FAB7}.Debug|Any CPU.Build.0 = Debug|Any CPU
		{3E0BA184-BFDB-A7A3-F6B9-511756E8FAB7}.Release|Any CPU.ActiveCfg = Release|Any CPU
		{3E0BA184-BFDB-A7A3-F6B9-511756E8FAB7}.Release|Any CPU.Build.0 = Release|Any CPU
		{A1FECCAD-FECF-09A8-38BD-C16BE445BED4}.Debug|Any CPU.ActiveCfg = Debug|Any CPU
		{A1FECCAD-FECF-09A8-38BD-C16BE445BED4}.Debug|Any CPU.Build.0 = Debug|Any CPU
		{A1FECCAD-FECF-09A8-38BD-C16BE445BED4}.Release|Any CPU.ActiveCfg = Release|Any CPU
		{A1FECCAD-FECF-09A8-38BD-C16BE445BED4}.Release|Any CPU.Build.0 = Release|Any CPU
		{71653C53-E9AB-96C1-005D-114BD83B368C}.Debug|Any CPU.ActiveCfg = Debug|Any CPU
		{71653C53-E9AB-96C1-005D-114BD83B368C}.Debug|Any CPU.Build.0 = Debug|Any CPU
		{71653C53-E9AB-96C1-005D-114BD83B368C}.Release|Any CPU.ActiveCfg = Release|Any CPU
		{71653C53-E9AB-96C1-005D-114BD83B368C}.Release|Any CPU.Build.0 = Release|Any CPU
		{6141DBA6-53A7-54CE-BCEC-A86B29344882}.Debug|Any CPU.ActiveCfg = Debug|Any CPU
		{6141DBA6-53A7-54CE-BCEC-A86B29344882}.Debug|Any CPU.Build.0 = Debug|Any CPU
		{6141DBA6-53A7-54CE-BCEC-A86B29344882}.Release|Any CPU.ActiveCfg = Release|Any CPU
		{6141DBA6-53A7-54CE-BCEC-A86B29344882}.Release|Any CPU.Build.0 = Release|Any CPU
		{6A8F4A5A-1E20-2D73-3D01-119CE7CB678E}.Debug|Any CPU.ActiveCfg = Debug|Any CPU
		{6A8F4A5A-1E20-2D73-3D01-119CE7CB678E}.Debug|Any CPU.Build.0 = Debug|Any CPU
		{6A8F4A5A-1E20-2D73-3D01-119CE7CB678E}.Release|Any CPU.ActiveCfg = Release|Any CPU
		{6A8F4A5A-1E20-2D73-3D01-119CE7CB678E}.Release|Any CPU.Build.0 = Release|Any CPU
		{C227E903-D7BD-7129-B8AA-7C6942C969E6}.Debug|Any CPU.ActiveCfg = Debug|Any CPU
		{C227E903-D7BD-7129-B8AA-7C6942C969E6}.Debug|Any CPU.Build.0 = Debug|Any CPU
		{C227E903-D7BD-7129-B8AA-7C6942C969E6}.Release|Any CPU.ActiveCfg = Release|Any CPU
		{C227E903-D7BD-7129-B8AA-7C6942C969E6}.Release|Any CPU.Build.0 = Release|Any CPU
		{502B4AEC-6441-FBBC-BFA7-8071E990A09D}.Debug|Any CPU.ActiveCfg = Debug|Any CPU
		{502B4AEC-6441-FBBC-BFA7-8071E990A09D}.Debug|Any CPU.Build.0 = Debug|Any CPU
		{502B4AEC-6441-FBBC-BFA7-8071E990A09D}.Release|Any CPU.ActiveCfg = Release|Any CPU
		{502B4AEC-6441-FBBC-BFA7-8071E990A09D}.Release|Any CPU.Build.0 = Release|Any CPU
		{0B82355A-3330-3B65-51F4-464E6AB9F769}.Debug|Any CPU.ActiveCfg = Debug|Any CPU
		{0B82355A-3330-3B65-51F4-464E6AB9F769}.Debug|Any CPU.Build.0 = Debug|Any CPU
		{0B82355A-3330-3B65-51F4-464E6AB9F769}.Release|Any CPU.ActiveCfg = Release|Any CPU
		{0B82355A-3330-3B65-51F4-464E6AB9F769}.Release|Any CPU.Build.0 = Release|Any CPU
		{7701610F-6223-B60D-8F3B-E43F68E05D18}.Debug|Any CPU.ActiveCfg = Debug|Any CPU
		{7701610F-6223-B60D-8F3B-E43F68E05D18}.Debug|Any CPU.Build.0 = Debug|Any CPU
		{7701610F-6223-B60D-8F3B-E43F68E05D18}.Release|Any CPU.ActiveCfg = Release|Any CPU
		{7701610F-6223-B60D-8F3B-E43F68E05D18}.Release|Any CPU.Build.0 = Release|Any CPU
		{E729554A-0C9E-E4EC-1021-519248071933}.Debug|Any CPU.ActiveCfg = Debug|Any CPU
		{E729554A-0C9E-E4EC-1021-519248071933}.Debug|Any CPU.Build.0 = Debug|Any CPU
		{E729554A-0C9E-E4EC-1021-519248071933}.Release|Any CPU.ActiveCfg = Release|Any CPU
		{E729554A-0C9E-E4EC-1021-519248071933}.Release|Any CPU.Build.0 = Release|Any CPU
		{6CE4C648-36A7-1ED8-5123-CFD8C269DC8D}.Debug|Any CPU.ActiveCfg = Debug|Any CPU
		{6CE4C648-36A7-1ED8-5123-CFD8C269DC8D}.Debug|Any CPU.Build.0 = Debug|Any CPU
		{6CE4C648-36A7-1ED8-5123-CFD8C269DC8D}.Release|Any CPU.ActiveCfg = Release|Any CPU
		{6CE4C648-36A7-1ED8-5123-CFD8C269DC8D}.Release|Any CPU.Build.0 = Release|Any CPU
		{D8E923FC-BD4F-53BC-85A6-E1F136F6CC03}.Debug|Any CPU.ActiveCfg = Debug|Any CPU
		{D8E923FC-BD4F-53BC-85A6-E1F136F6CC03}.Debug|Any CPU.Build.0 = Debug|Any CPU
		{D8E923FC-BD4F-53BC-85A6-E1F136F6CC03}.Release|Any CPU.ActiveCfg = Release|Any CPU
		{D8E923FC-BD4F-53BC-85A6-E1F136F6CC03}.Release|Any CPU.Build.0 = Release|Any CPU
		{75B7658E-F15B-9884-F7CA-1DA96363AF8C}.Debug|Any CPU.ActiveCfg = Debug|Any CPU
		{75B7658E-F15B-9884-F7CA-1DA96363AF8C}.Debug|Any CPU.Build.0 = Debug|Any CPU
		{75B7658E-F15B-9884-F7CA-1DA96363AF8C}.Release|Any CPU.ActiveCfg = Release|Any CPU
		{75B7658E-F15B-9884-F7CA-1DA96363AF8C}.Release|Any CPU.Build.0 = Release|Any CPU
		{58052102-555D-43A9-BA8B-F6451AE2F488}.Debug|Any CPU.ActiveCfg = Debug|Any CPU
		{58052102-555D-43A9-BA8B-F6451AE2F488}.Debug|Any CPU.Build.0 = Debug|Any CPU
		{58052102-555D-43A9-BA8B-F6451AE2F488}.Release|Any CPU.ActiveCfg = Release|Any CPU
		{58052102-555D-43A9-BA8B-F6451AE2F488}.Release|Any CPU.Build.0 = Release|Any CPU
		{71A5C56A-FAB6-38C0-F416-CBF3AE5FCC87}.Debug|Any CPU.ActiveCfg = Debug|Any CPU
		{71A5C56A-FAB6-38C0-F416-CBF3AE5FCC87}.Debug|Any CPU.Build.0 = Debug|Any CPU
		{71A5C56A-FAB6-38C0-F416-CBF3AE5FCC87}.Release|Any CPU.ActiveCfg = Release|Any CPU
		{71A5C56A-FAB6-38C0-F416-CBF3AE5FCC87}.Release|Any CPU.Build.0 = Release|Any CPU
		{B0417B0C-9F08-AEAA-03AD-F1C900A6A3CD}.Debug|Any CPU.ActiveCfg = Debug|Any CPU
		{B0417B0C-9F08-AEAA-03AD-F1C900A6A3CD}.Debug|Any CPU.Build.0 = Debug|Any CPU
		{B0417B0C-9F08-AEAA-03AD-F1C900A6A3CD}.Release|Any CPU.ActiveCfg = Release|Any CPU
		{B0417B0C-9F08-AEAA-03AD-F1C900A6A3CD}.Release|Any CPU.Build.0 = Release|Any CPU
		{B7AD6F8A-2C2B-94B7-C1A3-8E3B5DCF2F12}.Debug|Any CPU.ActiveCfg = Debug|Any CPU
		{B7AD6F8A-2C2B-94B7-C1A3-8E3B5DCF2F12}.Debug|Any CPU.Build.0 = Debug|Any CPU
		{B7AD6F8A-2C2B-94B7-C1A3-8E3B5DCF2F12}.Release|Any CPU.ActiveCfg = Release|Any CPU
		{B7AD6F8A-2C2B-94B7-C1A3-8E3B5DCF2F12}.Release|Any CPU.Build.0 = Release|Any CPU
		{5DA472CE-C04E-9897-246F-5809AC5DB7B3}.Debug|Any CPU.ActiveCfg = Debug|Any CPU
		{5DA472CE-C04E-9897-246F-5809AC5DB7B3}.Debug|Any CPU.Build.0 = Debug|Any CPU
		{5DA472CE-C04E-9897-246F-5809AC5DB7B3}.Release|Any CPU.ActiveCfg = Release|Any CPU
		{5DA472CE-C04E-9897-246F-5809AC5DB7B3}.Release|Any CPU.Build.0 = Release|Any CPU
		{55173A43-6278-4CC9-240B-05F82693420B}.Debug|Any CPU.ActiveCfg = Debug|Any CPU
		{55173A43-6278-4CC9-240B-05F82693420B}.Debug|Any CPU.Build.0 = Debug|Any CPU
		{55173A43-6278-4CC9-240B-05F82693420B}.Release|Any CPU.ActiveCfg = Release|Any CPU
		{55173A43-6278-4CC9-240B-05F82693420B}.Release|Any CPU.Build.0 = Release|Any CPU
		{8F466E6B-9FEC-56E1-25F9-E21260100837}.Debug|Any CPU.ActiveCfg = Debug|Any CPU
		{8F466E6B-9FEC-56E1-25F9-E21260100837}.Debug|Any CPU.Build.0 = Debug|Any CPU
		{8F466E6B-9FEC-56E1-25F9-E21260100837}.Release|Any CPU.ActiveCfg = Release|Any CPU
		{8F466E6B-9FEC-56E1-25F9-E21260100837}.Release|Any CPU.Build.0 = Release|Any CPU
		{308EE301-AAFE-C079-6A1B-67FAFE721F32}.Debug|Any CPU.ActiveCfg = Debug|Any CPU
		{308EE301-AAFE-C079-6A1B-67FAFE721F32}.Debug|Any CPU.Build.0 = Debug|Any CPU
		{308EE301-AAFE-C079-6A1B-67FAFE721F32}.Release|Any CPU.ActiveCfg = Release|Any CPU
		{308EE301-AAFE-C079-6A1B-67FAFE721F32}.Release|Any CPU.Build.0 = Release|Any CPU
		{FE004876-E957-36A2-718A-3AA4CF46D77D}.Debug|Any CPU.ActiveCfg = Debug|Any CPU
		{FE004876-E957-36A2-718A-3AA4CF46D77D}.Debug|Any CPU.Build.0 = Debug|Any CPU
		{FE004876-E957-36A2-718A-3AA4CF46D77D}.Release|Any CPU.ActiveCfg = Release|Any CPU
		{FE004876-E957-36A2-718A-3AA4CF46D77D}.Release|Any CPU.Build.0 = Release|Any CPU
		{B770B2A8-3459-EFBF-B11F-2A800DA8500D}.Debug|Any CPU.ActiveCfg = Debug|Any CPU
		{B770B2A8-3459-EFBF-B11F-2A800DA8500D}.Debug|Any CPU.Build.0 = Debug|Any CPU
		{B770B2A8-3459-EFBF-B11F-2A800DA8500D}.Release|Any CPU.ActiveCfg = Release|Any CPU
		{B770B2A8-3459-EFBF-B11F-2A800DA8500D}.Release|Any CPU.Build.0 = Release|Any CPU
		{E117E522-C969-30E4-5DBB-CBF2355D107A}.Debug|Any CPU.ActiveCfg = Debug|Any CPU
		{E117E522-C969-30E4-5DBB-CBF2355D107A}.Debug|Any CPU.Build.0 = Debug|Any CPU
		{E117E522-C969-30E4-5DBB-CBF2355D107A}.Release|Any CPU.ActiveCfg = Release|Any CPU
		{E117E522-C969-30E4-5DBB-CBF2355D107A}.Release|Any CPU.Build.0 = Release|Any CPU
		{25C325F6-CE9B-6211-8210-045F450B0C85}.Debug|Any CPU.ActiveCfg = Debug|Any CPU
		{25C325F6-CE9B-6211-8210-045F450B0C85}.Debug|Any CPU.Build.0 = Debug|Any CPU
		{25C325F6-CE9B-6211-8210-045F450B0C85}.Release|Any CPU.ActiveCfg = Release|Any CPU
		{25C325F6-CE9B-6211-8210-045F450B0C85}.Release|Any CPU.Build.0 = Release|Any CPU
		{A6844147-B5DF-8DEF-8F44-7749159C9329}.Debug|Any CPU.ActiveCfg = Debug|Any CPU
		{A6844147-B5DF-8DEF-8F44-7749159C9329}.Debug|Any CPU.Build.0 = Debug|Any CPU
		{A6844147-B5DF-8DEF-8F44-7749159C9329}.Release|Any CPU.ActiveCfg = Release|Any CPU
		{A6844147-B5DF-8DEF-8F44-7749159C9329}.Release|Any CPU.Build.0 = Release|Any CPU
		{128A3DD2-951B-2EC2-35DC-B43FE8294B0F}.Debug|Any CPU.ActiveCfg = Debug|Any CPU
		{128A3DD2-951B-2EC2-35DC-B43FE8294B0F}.Debug|Any CPU.Build.0 = Debug|Any CPU
		{128A3DD2-951B-2EC2-35DC-B43FE8294B0F}.Release|Any CPU.ActiveCfg = Release|Any CPU
		{128A3DD2-951B-2EC2-35DC-B43FE8294B0F}.Release|Any CPU.Build.0 = Release|Any CPU
		{1CA7782C-D4E6-D02B-02BB-7D9204252FE4}.Debug|Any CPU.ActiveCfg = Debug|Any CPU
		{1CA7782C-D4E6-D02B-02BB-7D9204252FE4}.Debug|Any CPU.Build.0 = Debug|Any CPU
		{1CA7782C-D4E6-D02B-02BB-7D9204252FE4}.Release|Any CPU.ActiveCfg = Release|Any CPU
		{1CA7782C-D4E6-D02B-02BB-7D9204252FE4}.Release|Any CPU.Build.0 = Release|Any CPU
		{F0E2DE8A-8E25-7196-E040-1962DCA16EFE}.Debug|Any CPU.ActiveCfg = Debug|Any CPU
		{F0E2DE8A-8E25-7196-E040-1962DCA16EFE}.Debug|Any CPU.Build.0 = Debug|Any CPU
		{F0E2DE8A-8E25-7196-E040-1962DCA16EFE}.Release|Any CPU.ActiveCfg = Release|Any CPU
		{F0E2DE8A-8E25-7196-E040-1962DCA16EFE}.Release|Any CPU.Build.0 = Release|Any CPU
		{9073BDB6-6E85-CDCA-9016-79A503ADCF7C}.Debug|Any CPU.ActiveCfg = Debug|Any CPU
		{9073BDB6-6E85-CDCA-9016-79A503ADCF7C}.Debug|Any CPU.Build.0 = Debug|Any CPU
		{9073BDB6-6E85-CDCA-9016-79A503ADCF7C}.Release|Any CPU.ActiveCfg = Release|Any CPU
		{9073BDB6-6E85-CDCA-9016-79A503ADCF7C}.Release|Any CPU.Build.0 = Release|Any CPU
		{6156EEA2-C0FA-5F6C-FCFF-592F7A222C10}.Debug|Any CPU.ActiveCfg = Debug|Any CPU
		{6156EEA2-C0FA-5F6C-FCFF-592F7A222C10}.Debug|Any CPU.Build.0 = Debug|Any CPU
		{6156EEA2-C0FA-5F6C-FCFF-592F7A222C10}.Release|Any CPU.ActiveCfg = Release|Any CPU
		{6156EEA2-C0FA-5F6C-FCFF-592F7A222C10}.Release|Any CPU.Build.0 = Release|Any CPU
		{8DE5EE4F-0B0B-F012-72B5-F4A6A6A4333E}.Debug|Any CPU.ActiveCfg = Debug|Any CPU
		{8DE5EE4F-0B0B-F012-72B5-F4A6A6A4333E}.Debug|Any CPU.Build.0 = Debug|Any CPU
		{8DE5EE4F-0B0B-F012-72B5-F4A6A6A4333E}.Release|Any CPU.ActiveCfg = Release|Any CPU
		{8DE5EE4F-0B0B-F012-72B5-F4A6A6A4333E}.Release|Any CPU.Build.0 = Release|Any CPU
		{21CB8C39-7406-257B-B073-A8441670BC6D}.Debug|Any CPU.ActiveCfg = Debug|Any CPU
		{21CB8C39-7406-257B-B073-A8441670BC6D}.Debug|Any CPU.Build.0 = Debug|Any CPU
		{21CB8C39-7406-257B-B073-A8441670BC6D}.Release|Any CPU.ActiveCfg = Release|Any CPU
		{21CB8C39-7406-257B-B073-A8441670BC6D}.Release|Any CPU.Build.0 = Release|Any CPU
		{F5E63B61-99D4-F9E1-EF0C-5FC775802885}.Debug|Any CPU.ActiveCfg = Debug|Any CPU
		{F5E63B61-99D4-F9E1-EF0C-5FC775802885}.Debug|Any CPU.Build.0 = Debug|Any CPU
		{F5E63B61-99D4-F9E1-EF0C-5FC775802885}.Release|Any CPU.ActiveCfg = Release|Any CPU
		{F5E63B61-99D4-F9E1-EF0C-5FC775802885}.Release|Any CPU.Build.0 = Release|Any CPU
		{0FC88DA7-D3BE-AD27-5A74-58D0624AA070}.Debug|Any CPU.ActiveCfg = Debug|Any CPU
		{0FC88DA7-D3BE-AD27-5A74-58D0624AA070}.Debug|Any CPU.Build.0 = Debug|Any CPU
		{0FC88DA7-D3BE-AD27-5A74-58D0624AA070}.Release|Any CPU.ActiveCfg = Release|Any CPU
		{0FC88DA7-D3BE-AD27-5A74-58D0624AA070}.Release|Any CPU.Build.0 = Release|Any CPU
	EndGlobalSection
	GlobalSection(SolutionProperties) = preSolution
		HideSolutionNode = FALSE
	EndGlobalSection
EndGlobal
